
Microsoft Visual Studio Solution File, Format Version 12.00
# Visual Studio Version 17
VisualStudioVersion = 17.9.34622.214
MinimumVisualStudioVersion = 10.0.40219.1
Project("{FAE04EC0-301F-11D3-BF4B-00C04F79EFBC}") = "BalloonShop", "BalloonShop\BalloonShop.csproj", "{A99BD919-6630-43C9-8620-413DC78B9374}"
EndProject
Global
	GlobalSection(SolutionConfigurationPlatforms) = preSolution
		Debug|Any CPU = Debug|Any CPU
		Release|Any CPU = Release|Any CPU
	EndGlobalSection
	GlobalSection(ProjectConfigurationPlatforms) = postSolution
		{A99BD919-6630-43C9-8620-413DC78B9374}.Debug|Any CPU.ActiveCfg = Debug|Any CPU
		{A99BD919-6630-43C9-8620-413DC78B9374}.Debug|Any CPU.Build.0 = Debug|Any CPU
		{A99BD919-6630-43C9-8620-413DC78B9374}.Release|Any CPU.ActiveCfg = Release|Any CPU
		{A99BD919-6630-43C9-8620-413DC78B9374}.Release|Any CPU.Build.0 = Release|Any CPU
	EndGlobalSection
	GlobalSection(SolutionProperties) = preSolution
		HideSolutionNode = FALSE
	EndGlobalSection
	GlobalSection(ExtensibilityGlobals) = postSolution
		SolutionGuid = {E7CFC6E6-EC83-4154-A95A-502020804DD7}
	EndGlobalSection
EndGlobal
